
Microsoft Visual Studio Solution File, Format Version 12.00
# Visual Studio Version 17
VisualStudioVersion = 17.10.34825.169
MinimumVisualStudioVersion = 10.0.40219.1
Project("{2150E333-8FDC-42A3-9474-1A3956D46DE8}") = "Solution Items", "Solution Items", "{B0CC16A4-11BE-4BA9-BD24-C58919862E18}"
	ProjectSection(SolutionItems) = preProject
		ReadMe.md = ReadMe.md
	EndProjectSection
EndProject
Project("{9A19103F-16F7-4668-BE54-9A1E7A4F7556}") = "MovieQuotes.UI.Tests", "Tests\MovieQuotes.UI.Tests\MovieQuotes.UI.Tests.csproj", "{A97B508D-729B-4ECB-AD09-38FFD7053257}"
EndProject
Project("{9A19103F-16F7-4668-BE54-9A1E7A4F7556}") = "MovieQuotes.UI", "Src\MovieQuotes.UI\MovieQuotes.UI.csproj", "{A21F3C69-88D6-4581-B192-6B3DBEC3F3A5}"
EndProject
Project("{FAE04EC0-301F-11D3-BF4B-00C04F79EFBC}") = "MovieQuotes.Domain", "Src\MovieQuotes.Domain\MovieQuotes.Domain.csproj", "{7E1A88A6-7767-4A12-A5FD-415B67B16D48}"
EndProject
Project("{FAE04EC0-301F-11D3-BF4B-00C04F79EFBC}") = "MovieQuotes.Infrastructure", "Src\MovieQuotes.Infrastructure\MovieQuotes.Infrastructure.csproj", "{893CE4E2-9F00-4496-A3DC-C8ADEA967F43}"
EndProject
Project("{FAE04EC0-301F-11D3-BF4B-00C04F79EFBC}") = "MovieQuotes.Application", "MovieQuotes.Application\MovieQuotes.Application.csproj", "{05BBEEB6-7288-4B20-94EE-6E64B9801780}"
EndProject
Global
	GlobalSection(SolutionConfigurationPlatforms) = preSolution
		Debug|Any CPU = Debug|Any CPU
		Release|Any CPU = Release|Any CPU
	EndGlobalSection
	GlobalSection(ProjectConfigurationPlatforms) = postSolution
		{A97B508D-729B-4ECB-AD09-38FFD7053257}.Debug|Any CPU.ActiveCfg = Debug|Any CPU
		{A97B508D-729B-4ECB-AD09-38FFD7053257}.Debug|Any CPU.Build.0 = Debug|Any CPU
		{A97B508D-729B-4ECB-AD09-38FFD7053257}.Release|Any CPU.ActiveCfg = Release|Any CPU
		{A97B508D-729B-4ECB-AD09-38FFD7053257}.Release|Any CPU.Build.0 = Release|Any CPU
		{A21F3C69-88D6-4581-B192-6B3DBEC3F3A5}.Debug|Any CPU.ActiveCfg = Debug|Any CPU
		{A21F3C69-88D6-4581-B192-6B3DBEC3F3A5}.Debug|Any CPU.Build.0 = Debug|Any CPU
		{A21F3C69-88D6-4581-B192-6B3DBEC3F3A5}.Release|Any CPU.ActiveCfg = Release|Any CPU
		{A21F3C69-88D6-4581-B192-6B3DBEC3F3A5}.Release|Any CPU.Build.0 = Release|Any CPU
		{7E1A88A6-7767-4A12-A5FD-415B67B16D48}.Debug|Any CPU.ActiveCfg = Debug|Any CPU
		{7E1A88A6-7767-4A12-A5FD-415B67B16D48}.Debug|Any CPU.Build.0 = Debug|Any CPU
		{7E1A88A6-7767-4A12-A5FD-415B67B16D48}.Release|Any CPU.ActiveCfg = Release|Any CPU
		{7E1A88A6-7767-4A12-A5FD-415B67B16D48}.Release|Any CPU.Build.0 = Release|Any CPU
		{893CE4E2-9F00-4496-A3DC-C8ADEA967F43}.Debug|Any CPU.ActiveCfg = Debug|Any CPU
		{893CE4E2-9F00-4496-A3DC-C8ADEA967F43}.Debug|Any CPU.Build.0 = Debug|Any CPU
		{893CE4E2-9F00-4496-A3DC-C8ADEA967F43}.Release|Any CPU.ActiveCfg = Release|Any CPU
		{893CE4E2-9F00-4496-A3DC-C8ADEA967F43}.Release|Any CPU.Build.0 = Release|Any CPU
		{05BBEEB6-7288-4B20-94EE-6E64B9801780}.Debug|Any CPU.ActiveCfg = Debug|Any CPU
		{05BBEEB6-7288-4B20-94EE-6E64B9801780}.Debug|Any CPU.Build.0 = Debug|Any CPU
		{05BBEEB6-7288-4B20-94EE-6E64B9801780}.Release|Any CPU.ActiveCfg = Release|Any CPU
		{05BBEEB6-7288-4B20-94EE-6E64B9801780}.Release|Any CPU.Build.0 = Release|Any CPU
	EndGlobalSection
	GlobalSection(SolutionProperties) = preSolution
		HideSolutionNode = FALSE
	EndGlobalSection
	GlobalSection(ExtensibilityGlobals) = postSolution
		SolutionGuid = {708DA74F-69CE-4469-9931-6D3B0E4B63ED}
	EndGlobalSection
EndGlobal
