
Microsoft Visual Studio Solution File, Format Version 12.00
# Visual Studio Version 17
VisualStudioVersion = 17.0.31903.59
MinimumVisualStudioVersion = 10.0.40219.1
Project("{9A19103F-16F7-4668-BE54-9A1E7A4F7556}") = "MovieQuotes.Domain", "Src\MovieQuotes.Domain\MovieQuotes.Domain.csproj", "{62C415B5-8DC7-4857-9055-DCB6935F3413}"
EndProject
Project("{9A19103F-16F7-4668-BE54-9A1E7A4F7556}") = "MovieQuotes.Infrastructure", "Src\MovieQuotes.Infrastructure\MovieQuotes.Infrastructure.csproj", "{8AAD2E61-2995-429C-B623-492897018F38}"
EndProject
Project("{9A19103F-16F7-4668-BE54-9A1E7A4F7556}") = "MovieQuotes.Application", "Src\MovieQuotes.Application\MovieQuotes.Application.csproj", "{A44F8254-908A-4710-8917-9C2E047B9527}"
EndProject
Project("{9A19103F-16F7-4668-BE54-9A1E7A4F7556}") = "MovieQuotes.Api", "Src\MovieQuotes.Api\MovieQuotes.Api.csproj", "{64534E28-70F9-4CEA-86CC-19BE8D76AFFB}"
EndProject
Project("{9A19103F-16F7-4668-BE54-9A1E7A4F7556}") = "MovieQuotes.UI", "Src\MovieQuotes.UI\MovieQuotes.UI.csproj", "{6F175234-2981-4759-ACEC-11E700766DE6}"
EndProject
Global
	GlobalSection(SolutionConfigurationPlatforms) = preSolution
		Debug|Any CPU = Debug|Any CPU
		Release|Any CPU = Release|Any CPU
	EndGlobalSection
	GlobalSection(ProjectConfigurationPlatforms) = postSolution
		{62C415B5-8DC7-4857-9055-DCB6935F3413}.Debug|Any CPU.ActiveCfg = Debug|Any CPU
		{62C415B5-8DC7-4857-9055-DCB6935F3413}.Debug|Any CPU.Build.0 = Debug|Any CPU
		{62C415B5-8DC7-4857-9055-DCB6935F3413}.Release|Any CPU.ActiveCfg = Release|Any CPU
		{62C415B5-8DC7-4857-9055-DCB6935F3413}.Release|Any CPU.Build.0 = Release|Any CPU
		{8AAD2E61-2995-429C-B623-492897018F38}.Debug|Any CPU.ActiveCfg = Debug|Any CPU
		{8AAD2E61-2995-429C-B623-492897018F38}.Debug|Any CPU.Build.0 = Debug|Any CPU
		{8AAD2E61-2995-429C-B623-492897018F38}.Release|Any CPU.ActiveCfg = Release|Any CPU
		{8AAD2E61-2995-429C-B623-492897018F38}.Release|Any CPU.Build.0 = Release|Any CPU
		{A44F8254-908A-4710-8917-9C2E047B9527}.Debug|Any CPU.ActiveCfg = Debug|Any CPU
		{A44F8254-908A-4710-8917-9C2E047B9527}.Debug|Any CPU.Build.0 = Debug|Any CPU
		{A44F8254-908A-4710-8917-9C2E047B9527}.Release|Any CPU.ActiveCfg = Release|Any CPU
		{A44F8254-908A-4710-8917-9C2E047B9527}.Release|Any CPU.Build.0 = Release|Any CPU
		{64534E28-70F9-4CEA-86CC-19BE8D76AFFB}.Debug|Any CPU.ActiveCfg = Debug|Any CPU
		{64534E28-70F9-4CEA-86CC-19BE8D76AFFB}.Debug|Any CPU.Build.0 = Debug|Any CPU
		{64534E28-70F9-4CEA-86CC-19BE8D76AFFB}.Release|Any CPU.ActiveCfg = Release|Any CPU
		{64534E28-70F9-4CEA-86CC-19BE8D76AFFB}.Release|Any CPU.Build.0 = Release|Any CPU
		{6F175234-2981-4759-ACEC-11E700766DE6}.Debug|Any CPU.ActiveCfg = Debug|Any CPU
		{6F175234-2981-4759-ACEC-11E700766DE6}.Debug|Any CPU.Build.0 = Debug|Any CPU
		{6F175234-2981-4759-ACEC-11E700766DE6}.Release|Any CPU.ActiveCfg = Release|Any CPU
		{6F175234-2981-4759-ACEC-11E700766DE6}.Release|Any CPU.Build.0 = Release|Any CPU
	EndGlobalSection
	GlobalSection(SolutionProperties) = preSolution
		HideSolutionNode = FALSE
	EndGlobalSection
	GlobalSection(ExtensibilityGlobals) = postSolution
		SolutionGuid = {04B5D111-F733-41EF-800B-ED42698D0F94}
	EndGlobalSection
EndGlobal
